// !$*UTF8*$!
{
	archiveVersion = 1;
	classes = {
	};
	objectVersion = 48;
	objects = {

/* Begin PBXBuildFile section */
		5DEA8BBE5CC453FC94A0169A /* Pods_White_on_Black_Datamatrix_Radar_Demo.framework in Frameworks */ = {isa = PBXBuildFile; fileRef = C6BB0E5210BC7670F476C94D /* Pods_White_on_Black_Datamatrix_Radar_Demo.framework */; };
		89326FE31FD9AB7100478787 /* AppDelegate.swift in Sources */ = {isa = PBXBuildFile; fileRef = 89326FE21FD9AB7100478787 /* AppDelegate.swift */; };
		89326FE51FD9AB7100478787 /* ViewController.swift in Sources */ = {isa = PBXBuildFile; fileRef = 89326FE41FD9AB7100478787 /* ViewController.swift */; };
		89326FE81FD9AB7100478787 /* Main.storyboard in Resources */ = {isa = PBXBuildFile; fileRef = 89326FE61FD9AB7100478787 /* Main.storyboard */; };
		89326FEA1FD9AB7100478787 /* Assets.xcassets in Resources */ = {isa = PBXBuildFile; fileRef = 89326FE91FD9AB7100478787 /* Assets.xcassets */; };
		89326FED1FD9AB7100478787 /* LaunchScreen.storyboard in Resources */ = {isa = PBXBuildFile; fileRef = 89326FEB1FD9AB7100478787 /* LaunchScreen.storyboard */; };
/* End PBXBuildFile section */

/* Begin PBXFileReference section */
		1FED920C43ADD3A815D56763 /* Pods-White on Black Datamatrix Radar Demo.release.xcconfig */ = {isa = PBXFileReference; includeInIndex = 1; lastKnownFileType = text.xcconfig; name = "Pods-White on Black Datamatrix Radar Demo.release.xcconfig"; path = "Pods/Target Support Files/Pods-White on Black Datamatrix Radar Demo/Pods-White on Black Datamatrix Radar Demo.release.xcconfig"; sourceTree = "<group>"; };
		89326FDF1FD9AB7100478787 /* White on Black Datamatrix Radar Demo.app */ = {isa = PBXFileReference; explicitFileType = wrapper.application; includeInIndex = 0; path = "White on Black Datamatrix Radar Demo.app"; sourceTree = BUILT_PRODUCTS_DIR; };
		89326FE21FD9AB7100478787 /* AppDelegate.swift */ = {isa = PBXFileReference; lastKnownFileType = sourcecode.swift; path = AppDelegate.swift; sourceTree = "<group>"; };
		89326FE41FD9AB7100478787 /* ViewController.swift */ = {isa = PBXFileReference; lastKnownFileType = sourcecode.swift; path = ViewController.swift; sourceTree = "<group>"; };
		89326FE71FD9AB7100478787 /* Base */ = {isa = PBXFileReference; lastKnownFileType = file.storyboard; name = Base; path = Base.lproj/Main.storyboard; sourceTree = "<group>"; };
		89326FE91FD9AB7100478787 /* Assets.xcassets */ = {isa = PBXFileReference; lastKnownFileType = folder.assetcatalog; path = Assets.xcassets; sourceTree = "<group>"; };
		89326FEC1FD9AB7100478787 /* Base */ = {isa = PBXFileReference; lastKnownFileType = file.storyboard; name = Base; path = Base.lproj/LaunchScreen.storyboard; sourceTree = "<group>"; };
		89326FEE1FD9AB7100478787 /* Info.plist */ = {isa = PBXFileReference; lastKnownFileType = text.plist.xml; path = Info.plist; sourceTree = "<group>"; };
		971A6F62A3ECFEBE6E6D1436 /* Pods-White on Black Datamatrix Radar Demo.debug.xcconfig */ = {isa = PBXFileReference; includeInIndex = 1; lastKnownFileType = text.xcconfig; name = "Pods-White on Black Datamatrix Radar Demo.debug.xcconfig"; path = "Pods/Target Support Files/Pods-White on Black Datamatrix Radar Demo/Pods-White on Black Datamatrix Radar Demo.debug.xcconfig"; sourceTree = "<group>"; };
		C6BB0E5210BC7670F476C94D /* Pods_White_on_Black_Datamatrix_Radar_Demo.framework */ = {isa = PBXFileReference; explicitFileType = wrapper.framework; includeInIndex = 0; path = Pods_White_on_Black_Datamatrix_Radar_Demo.framework; sourceTree = BUILT_PRODUCTS_DIR; };
/* End PBXFileReference section */

/* Begin PBXFrameworksBuildPhase section */
		89326FDC1FD9AB7100478787 /* Frameworks */ = {
			isa = PBXFrameworksBuildPhase;
			buildActionMask = 2147483647;
			files = (
				5DEA8BBE5CC453FC94A0169A /* Pods_White_on_Black_Datamatrix_Radar_Demo.framework in Frameworks */,
			);
			runOnlyForDeploymentPostprocessing = 0;
		};
/* End PBXFrameworksBuildPhase section */

/* Begin PBXGroup section */
		82762E3429C8DE1DFA18403E /* Frameworks */ = {
			isa = PBXGroup;
			children = (
				C6BB0E5210BC7670F476C94D /* Pods_White_on_Black_Datamatrix_Radar_Demo.framework */,
			);
			name = Frameworks;
			sourceTree = "<group>";
		};
		89326FD61FD9AB7100478787 = {
			isa = PBXGroup;
			children = (
				89326FE11FD9AB7100478787 /* White on Black Datamatrix Radar Demo */,
				89326FE01FD9AB7100478787 /* Products */,
				DD801747ED8622203845A919 /* Pods */,
				82762E3429C8DE1DFA18403E /* Frameworks */,
			);
			sourceTree = "<group>";
		};
		89326FE01FD9AB7100478787 /* Products */ = {
			isa = PBXGroup;
			children = (
				89326FDF1FD9AB7100478787 /* White on Black Datamatrix Radar Demo.app */,
			);
			name = Products;
			sourceTree = "<group>";
		};
		89326FE11FD9AB7100478787 /* White on Black Datamatrix Radar Demo */ = {
			isa = PBXGroup;
			children = (
				89326FE21FD9AB7100478787 /* AppDelegate.swift */,
				89326FE41FD9AB7100478787 /* ViewController.swift */,
				89326FE61FD9AB7100478787 /* Main.storyboard */,
				89326FE91FD9AB7100478787 /* Assets.xcassets */,
				89326FEB1FD9AB7100478787 /* LaunchScreen.storyboard */,
				89326FEE1FD9AB7100478787 /* Info.plist */,
			);
			path = "White on Black Datamatrix Radar Demo";
			sourceTree = "<group>";
		};
		DD801747ED8622203845A919 /* Pods */ = {
			isa = PBXGroup;
			children = (
				971A6F62A3ECFEBE6E6D1436 /* Pods-White on Black Datamatrix Radar Demo.debug.xcconfig */,
				1FED920C43ADD3A815D56763 /* Pods-White on Black Datamatrix Radar Demo.release.xcconfig */,
			);
			name = Pods;
			sourceTree = "<group>";
		};
/* End PBXGroup section */

/* Begin PBXNativeTarget section */
		89326FDE1FD9AB7100478787 /* White on Black Datamatrix Radar Demo */ = {
			isa = PBXNativeTarget;
			buildConfigurationList = 89326FF11FD9AB7100478787 /* Build configuration list for PBXNativeTarget "White on Black Datamatrix Radar Demo" */;
			buildPhases = (
				514F6BAA5117CA9472672209 /* [CP] Check Pods Manifest.lock */,
				89326FDB1FD9AB7100478787 /* Sources */,
				89326FDC1FD9AB7100478787 /* Frameworks */,
				89326FDD1FD9AB7100478787 /* Resources */,
				731E788D0FFD3224F549155C /* [CP] Embed Pods Frameworks */,
				854CCDDE8571D7AEA96FDA7A /* [CP] Copy Pods Resources */,
			);
			buildRules = (
			);
			dependencies = (
			);
			name = "White on Black Datamatrix Radar Demo";
			productName = "White on Black Datamatrix Radar Demo";
			productReference = 89326FDF1FD9AB7100478787 /* White on Black Datamatrix Radar Demo.app */;
			productType = "com.apple.product-type.application";
		};
/* End PBXNativeTarget section */

/* Begin PBXProject section */
		89326FD71FD9AB7100478787 /* Project object */ = {
			isa = PBXProject;
			attributes = {
				LastSwiftUpdateCheck = 0910;
				LastUpgradeCheck = 0910;
				ORGANIZATIONNAME = "Michael Langford";
				TargetAttributes = {
					89326FDE1FD9AB7100478787 = {
						CreatedOnToolsVersion = 9.1;
						ProvisioningStyle = Automatic;
					};
				};
			};
			buildConfigurationList = 89326FDA1FD9AB7100478787 /* Build configuration list for PBXProject "White on Black Datamatrix Radar Demo" */;
			compatibilityVersion = "Xcode 8.0";
			developmentRegion = en;
			hasScannedForEncodings = 0;
			knownRegions = (
				en,
				Base,
			);
			mainGroup = 89326FD61FD9AB7100478787;
			productRefGroup = 89326FE01FD9AB7100478787 /* Products */;
			projectDirPath = "";
			projectRoot = "";
			targets = (
				89326FDE1FD9AB7100478787 /* White on Black Datamatrix Radar Demo */,
			);
		};
/* End PBXProject section */

/* Begin PBXResourcesBuildPhase section */
		89326FDD1FD9AB7100478787 /* Resources */ = {
			isa = PBXResourcesBuildPhase;
			buildActionMask = 2147483647;
			files = (
				89326FED1FD9AB7100478787 /* LaunchScreen.storyboard in Resources */,
				89326FEA1FD9AB7100478787 /* Assets.xcassets in Resources */,
				89326FE81FD9AB7100478787 /* Main.storyboard in Resources */,
			);
			runOnlyForDeploymentPostprocessing = 0;
		};
/* End PBXResourcesBuildPhase section */

/* Begin PBXShellScriptBuildPhase section */
		514F6BAA5117CA9472672209 /* [CP] Check Pods Manifest.lock */ = {
			isa = PBXShellScriptBuildPhase;
			buildActionMask = 2147483647;
			files = (
			);
			inputPaths = (
				"${PODS_PODFILE_DIR_PATH}/Podfile.lock",
				"${PODS_ROOT}/Manifest.lock",
			);
			name = "[CP] Check Pods Manifest.lock";
			outputPaths = (
				"$(DERIVED_FILE_DIR)/Pods-White on Black Datamatrix Radar Demo-checkManifestLockResult.txt",
			);
			runOnlyForDeploymentPostprocessing = 0;
			shellPath = /bin/sh;
			shellScript = "diff \"${PODS_PODFILE_DIR_PATH}/Podfile.lock\" \"${PODS_ROOT}/Manifest.lock\" > /dev/null\nif [ $? != 0 ] ; then\n    # print error to STDERR\n    echo \"error: The sandbox is not in sync with the Podfile.lock. Run 'pod install' or update your CocoaPods installation.\" >&2\n    exit 1\nfi\n# This output is used by Xcode 'outputs' to avoid re-running this script phase.\necho \"SUCCESS\" > \"${SCRIPT_OUTPUT_FILE_0}\"\n";
			showEnvVarsInLog = 0;
		};
		731E788D0FFD3224F549155C /* [CP] Embed Pods Frameworks */ = {
			isa = PBXShellScriptBuildPhase;
			buildActionMask = 2147483647;
			files = (
			);
			inputPaths = (
				"${SRCROOT}/Pods/Target Support Files/Pods-White on Black Datamatrix Radar Demo/Pods-White on Black Datamatrix Radar Demo-frameworks.sh",
				"${BUILT_PRODUCTS_DIR}/DYQRCodeDecoder/DYQRCodeDecoder.framework",
			);
			name = "[CP] Embed Pods Frameworks";
			outputPaths = (
				"${TARGET_BUILD_DIR}/${FRAMEWORKS_FOLDER_PATH}/DYQRCodeDecoder.framework",
			);
			runOnlyForDeploymentPostprocessing = 0;
			shellPath = /bin/sh;
			shellScript = "\"${SRCROOT}/Pods/Target Support Files/Pods-White on Black Datamatrix Radar Demo/Pods-White on Black Datamatrix Radar Demo-frameworks.sh\"\n";
			showEnvVarsInLog = 0;
		};
		854CCDDE8571D7AEA96FDA7A /* [CP] Copy Pods Resources */ = {
			isa = PBXShellScriptBuildPhase;
			buildActionMask = 2147483647;
			files = (
			);
			inputPaths = (
			);
			name = "[CP] Copy Pods Resources";
			outputPaths = (
			);
			runOnlyForDeploymentPostprocessing = 0;
			shellPath = /bin/sh;
			shellScript = "\"${SRCROOT}/Pods/Target Support Files/Pods-White on Black Datamatrix Radar Demo/Pods-White on Black Datamatrix Radar Demo-resources.sh\"\n";
			showEnvVarsInLog = 0;
		};
/* End PBXShellScriptBuildPhase section */

/* Begin PBXSourcesBuildPhase section */
		89326FDB1FD9AB7100478787 /* Sources */ = {
			isa = PBXSourcesBuildPhase;
			buildActionMask = 2147483647;
			files = (
				89326FE51FD9AB7100478787 /* ViewController.swift in Sources */,
				89326FE31FD9AB7100478787 /* AppDelegate.swift in Sources */,
			);
			runOnlyForDeploymentPostprocessing = 0;
		};
/* End PBXSourcesBuildPhase section */

/* Begin PBXVariantGroup section */
		89326FE61FD9AB7100478787 /* Main.storyboard */ = {
			isa = PBXVariantGroup;
			children = (
				89326FE71FD9AB7100478787 /* Base */,
			);
			name = Main.storyboard;
			sourceTree = "<group>";
		};
		89326FEB1FD9AB7100478787 /* LaunchScreen.storyboard */ = {
			isa = PBXVariantGroup;
			children = (
				89326FEC1FD9AB7100478787 /* Base */,
			);
			name = LaunchScreen.storyboard;
			sourceTree = "<group>";
		};
/* End PBXVariantGroup section */

/* Begin XCBuildConfiguration section */
		89326FEF1FD9AB7100478787 /* Debug */ = {
			isa = XCBuildConfiguration;
			buildSettings = {
				ALWAYS_SEARCH_USER_PATHS = NO;
				CLANG_ANALYZER_NONNULL = YES;
				CLANG_ANALYZER_NUMBER_OBJECT_CONVERSION = YES_AGGRESSIVE;
				CLANG_CXX_LANGUAGE_STANDARD = "gnu++14";
				CLANG_CXX_LIBRARY = "libc++";
				CLANG_ENABLE_MODULES = YES;
				CLANG_ENABLE_OBJC_ARC = YES;
				CLANG_WARN_BLOCK_CAPTURE_AUTORELEASING = YES;
				CLANG_WARN_BOOL_CONVERSION = YES;
				CLANG_WARN_COMMA = YES;
				CLANG_WARN_CONSTANT_CONVERSION = YES;
				CLANG_WARN_DIRECT_OBJC_ISA_USAGE = YES_ERROR;
				CLANG_WARN_DOCUMENTATION_COMMENTS = YES;
				CLANG_WARN_EMPTY_BODY = YES;
				CLANG_WARN_ENUM_CONVERSION = YES;
				CLANG_WARN_INFINITE_RECURSION = YES;
				CLANG_WARN_INT_CONVERSION = YES;
				CLANG_WARN_NON_LITERAL_NULL_CONVERSION = YES;
				CLANG_WARN_OBJC_LITERAL_CONVERSION = YES;
				CLANG_WARN_OBJC_ROOT_CLASS = YES_ERROR;
				CLANG_WARN_RANGE_LOOP_ANALYSIS = YES;
				CLANG_WARN_STRICT_PROTOTYPES = YES;
				CLANG_WARN_SUSPICIOUS_MOVE = YES;
				CLANG_WARN_UNGUARDED_AVAILABILITY = YES_AGGRESSIVE;
				CLANG_WARN_UNREACHABLE_CODE = YES;
				CLANG_WARN__DUPLICATE_METHOD_MATCH = YES;
				CODE_SIGN_IDENTITY = "iPhone Developer";
				COPY_PHASE_STRIP = NO;
				DEBUG_INFORMATION_FORMAT = dwarf;
				ENABLE_STRICT_OBJC_MSGSEND = YES;
				ENABLE_TESTABILITY = YES;
				GCC_C_LANGUAGE_STANDARD = gnu11;
				GCC_DYNAMIC_NO_PIC = NO;
				GCC_NO_COMMON_BLOCKS = YES;
				GCC_OPTIMIZATION_LEVEL = 0;
				GCC_PREPROCESSOR_DEFINITIONS = (
					"DEBUG=1",
					"$(inherited)",
				);
				GCC_WARN_64_TO_32_BIT_CONVERSION = YES;
				GCC_WARN_ABOUT_RETURN_TYPE = YES_ERROR;
				GCC_WARN_UNDECLARED_SELECTOR = YES;
				GCC_WARN_UNINITIALIZED_AUTOS = YES_AGGRESSIVE;
				GCC_WARN_UNUSED_FUNCTION = YES;
				GCC_WARN_UNUSED_VARIABLE = YES;
				IPHONEOS_DEPLOYMENT_TARGET = 11.1;
				MTL_ENABLE_DEBUG_INFO = YES;
				ONLY_ACTIVE_ARCH = YES;
				SDKROOT = iphoneos;
				SWIFT_ACTIVE_COMPILATION_CONDITIONS = DEBUG;
				SWIFT_OPTIMIZATION_LEVEL = "-Onone";
			};
			name = Debug;
		};
		89326FF01FD9AB7100478787 /* Release */ = {
			isa = XCBuildConfiguration;
			buildSettings = {
				ALWAYS_SEARCH_USER_PATHS = NO;
				CLANG_ANALYZER_NONNULL = YES;
				CLANG_ANALYZER_NUMBER_OBJECT_CONVERSION = YES_AGGRESSIVE;
				CLANG_CXX_LANGUAGE_STANDARD = "gnu++14";
				CLANG_CXX_LIBRARY = "libc++";
				CLANG_ENABLE_MODULES = YES;
				CLANG_ENABLE_OBJC_ARC = YES;
				CLANG_WARN_BLOCK_CAPTURE_AUTORELEASING = YES;
				CLANG_WARN_BOOL_CONVERSION = YES;
				CLANG_WARN_COMMA = YES;
				CLANG_WARN_CONSTANT_CONVERSION = YES;
				CLANG_WARN_DIRECT_OBJC_ISA_USAGE = YES_ERROR;
				CLANG_WARN_DOCUMENTATION_COMMENTS = YES;
				CLANG_WARN_EMPTY_BODY = YES;
				CLANG_WARN_ENUM_CONVERSION = YES;
				CLANG_WARN_INFINITE_RECURSION = YES;
				CLANG_WARN_INT_CONVERSION = YES;
				CLANG_WARN_NON_LITERAL_NULL_CONVERSION = YES;
				CLANG_WARN_OBJC_LITERAL_CONVERSION = YES;
				CLANG_WARN_OBJC_ROOT_CLASS = YES_ERROR;
				CLANG_WARN_RANGE_LOOP_ANALYSIS = YES;
				CLANG_WARN_STRICT_PROTOTYPES = YES;
				CLANG_WARN_SUSPICIOUS_MOVE = YES;
				CLANG_WARN_UNGUARDED_AVAILABILITY = YES_AGGRESSIVE;
				CLANG_WARN_UNREACHABLE_CODE = YES;
				CLANG_WARN__DUPLICATE_METHOD_MATCH = YES;
				CODE_SIGN_IDENTITY = "iPhone Developer";
				COPY_PHASE_STRIP = NO;
				DEBUG_INFORMATION_FORMAT = "dwarf-with-dsym";
				ENABLE_NS_ASSERTIONS = NO;
				ENABLE_STRICT_OBJC_MSGSEND = YES;
				GCC_C_LANGUAGE_STANDARD = gnu11;
				GCC_NO_COMMON_BLOCKS = YES;
				GCC_WARN_64_TO_32_BIT_CONVERSION = YES;
				GCC_WARN_ABOUT_RETURN_TYPE = YES_ERROR;
				GCC_WARN_UNDECLARED_SELECTOR = YES;
				GCC_WARN_UNINITIALIZED_AUTOS = YES_AGGRESSIVE;
				GCC_WARN_UNUSED_FUNCTION = YES;
				GCC_WARN_UNUSED_VARIABLE = YES;
				IPHONEOS_DEPLOYMENT_TARGET = 11.1;
				MTL_ENABLE_DEBUG_INFO = NO;
				SDKROOT = iphoneos;
				SWIFT_OPTIMIZATION_LEVEL = "-Owholemodule";
				VALIDATE_PRODUCT = YES;
			};
			name = Release;
		};
		89326FF21FD9AB7100478787 /* Debug */ = {
			isa = XCBuildConfiguration;
			baseConfigurationReference = 971A6F62A3ECFEBE6E6D1436 /* Pods-White on Black Datamatrix Radar Demo.debug.xcconfig */;
			buildSettings = {
				ASSETCATALOG_COMPILER_APPICON_NAME = AppIcon;
				CODE_SIGN_STYLE = Automatic;
				DEVELOPMENT_TEAM = YD8HVA3QL9;
				INFOPLIST_FILE = "White on Black Datamatrix Radar Demo/Info.plist";
				LD_RUNPATH_SEARCH_PATHS = "$(inherited) @executable_path/Frameworks";
				PRODUCT_BUNDLE_IDENTIFIER = "com.rowdylabs.radar.demo.datamatrix.white-on-black.White-on-Black-Datamatrix-Radar-Demo";
				PRODUCT_NAME = "$(TARGET_NAME)";
				SWIFT_VERSION = 4.0;
				TARGETED_DEVICE_FAMILY = "1,2";
			};
			name = Debug;
		};
		89326FF31FD9AB7100478787 /* Release */ = {
			isa = XCBuildConfiguration;
			baseConfigurationReference = 1FED920C43ADD3A815D56763 /* Pods-White on Black Datamatrix Radar Demo.release.xcconfig */;
			buildSettings = {
				ASSETCATALOG_COMPILER_APPICON_NAME = AppIcon;
				CODE_SIGN_STYLE = Automatic;
				DEVELOPMENT_TEAM = YD8HVA3QL9;
				INFOPLIST_FILE = "White on Black Datamatrix Radar Demo/Info.plist";
				LD_RUNPATH_SEARCH_PATHS = "$(inherited) @executable_path/Frameworks";
				PRODUCT_BUNDLE_IDENTIFIER = "com.rowdylabs.radar.demo.datamatrix.white-on-black.White-on-Black-Datamatrix-Radar-Demo";
				PRODUCT_NAME = "$(TARGET_NAME)";
				SWIFT_VERSION = 4.0;
				TARGETED_DEVICE_FAMILY = "1,2";
			};
			name = Release;
		};
/* End XCBuildConfiguration section */

/* Begin XCConfigurationList section */
		89326FDA1FD9AB7100478787 /* Build configuration list for PBXProject "White on Black Datamatrix Radar Demo" */ = {
			isa = XCConfigurationList;
			buildConfigurations = (
				89326FEF1FD9AB7100478787 /* Debug */,
				89326FF01FD9AB7100478787 /* Release */,
			);
			defaultConfigurationIsVisible = 0;
			defaultConfigurationName = Release;
		};
		89326FF11FD9AB7100478787 /* Build configuration list for PBXNativeTarget "White on Black Datamatrix Radar Demo" */ = {
			isa = XCConfigurationList;
			buildConfigurations = (
				89326FF21FD9AB7100478787 /* Debug */,
				89326FF31FD9AB7100478787 /* Release */,
			);
			defaultConfigurationIsVisible = 0;
			defaultConfigurationName = Release;
		};
/* End XCConfigurationList section */
	};
	rootObject = 89326FD71FD9AB7100478787 /* Project object */;
}
